
Microsoft Visual Studio Solution File, Format Version 12.00
# Visual Studio 15
VisualStudioVersion = 15.0.28010.2026
MinimumVisualStudioVersion = 10.0.40219.1
Project("{FAE04EC0-301F-11D3-BF4B-00C04F79EFBC}") = "WcfMensagemRest", "WcfMensagemRest\WcfMensagemRest.csproj", "{D4C242FE-414F-4440-A4B9-4D026596CE80}"
EndProject
Project("{9A19103F-16F7-4668-BE54-9A1E7A4F7556}") = "WebApi", "WebApi\WebApi.csproj", "{4AE77733-59DF-4EE3-8423-82FE3CAB754C}"
	ProjectSection(ProjectDependencies) = postProject
		{D4C242FE-414F-4440-A4B9-4D026596CE80} = {D4C242FE-414F-4440-A4B9-4D026596CE80}
	EndProjectSection
EndProject
Project("{FAE04EC0-301F-11D3-BF4B-00C04F79EFBC}") = "WebServices", "WebServices\WebServices.csproj", "{17DCDA93-A1FD-49EF-84DC-44D6649E5E0E}"
EndProject
Project("{FAE04EC0-301F-11D3-BF4B-00C04F79EFBC}") = "WcfPersist", "WcfPersist\WcfPersist.csproj", "{AFD8EE39-AAAA-4503-A60E-EFD0F8B87BDD}"
EndProject
Global
	GlobalSection(SolutionConfigurationPlatforms) = preSolution
		Debug|Any CPU = Debug|Any CPU
		Release|Any CPU = Release|Any CPU
	EndGlobalSection
	GlobalSection(ProjectConfigurationPlatforms) = postSolution
		{D4C242FE-414F-4440-A4B9-4D026596CE80}.Debug|Any CPU.ActiveCfg = Debug|Any CPU
		{D4C242FE-414F-4440-A4B9-4D026596CE80}.Debug|Any CPU.Build.0 = Debug|Any CPU
		{D4C242FE-414F-4440-A4B9-4D026596CE80}.Release|Any CPU.ActiveCfg = Release|Any CPU
		{D4C242FE-414F-4440-A4B9-4D026596CE80}.Release|Any CPU.Build.0 = Release|Any CPU
		{4AE77733-59DF-4EE3-8423-82FE3CAB754C}.Debug|Any CPU.ActiveCfg = Debug|Any CPU
		{4AE77733-59DF-4EE3-8423-82FE3CAB754C}.Debug|Any CPU.Build.0 = Debug|Any CPU
		{4AE77733-59DF-4EE3-8423-82FE3CAB754C}.Release|Any CPU.ActiveCfg = Release|Any CPU
		{4AE77733-59DF-4EE3-8423-82FE3CAB754C}.Release|Any CPU.Build.0 = Release|Any CPU
		{17DCDA93-A1FD-49EF-84DC-44D6649E5E0E}.Debug|Any CPU.ActiveCfg = Debug|Any CPU
		{17DCDA93-A1FD-49EF-84DC-44D6649E5E0E}.Debug|Any CPU.Build.0 = Debug|Any CPU
		{17DCDA93-A1FD-49EF-84DC-44D6649E5E0E}.Release|Any CPU.ActiveCfg = Release|Any CPU
		{17DCDA93-A1FD-49EF-84DC-44D6649E5E0E}.Release|Any CPU.Build.0 = Release|Any CPU
		{AFD8EE39-AAAA-4503-A60E-EFD0F8B87BDD}.Debug|Any CPU.ActiveCfg = Debug|Any CPU
		{AFD8EE39-AAAA-4503-A60E-EFD0F8B87BDD}.Debug|Any CPU.Build.0 = Debug|Any CPU
		{AFD8EE39-AAAA-4503-A60E-EFD0F8B87BDD}.Release|Any CPU.ActiveCfg = Release|Any CPU
		{AFD8EE39-AAAA-4503-A60E-EFD0F8B87BDD}.Release|Any CPU.Build.0 = Release|Any CPU
	EndGlobalSection
	GlobalSection(SolutionProperties) = preSolution
		HideSolutionNode = FALSE
	EndGlobalSection
	GlobalSection(ExtensibilityGlobals) = postSolution
		SolutionGuid = {C238B25A-0BDA-470D-B4A5-5ABFF9366251}
	EndGlobalSection
EndGlobal
